{
  "name": "ukr-projects",
  "version": "1.0.0",
  "lockfileVersion": 3,
  "requires": true,
  "packages": {
    "": {
      "name": "ukr-projects",
      "version": "1.0.0",
      "license": "ISC",
      "dependencies": {
        "@octokit/rest": "^21.1.1",
        "before-after-hook": "^3.0.2",
        "fast-content-type-parse": "^2.0.1",
        "universal-user-agent": "^7.0.3"
      },
      "devDependencies": {}
    },
    "node_modules/@octokit/auth-token": {
      "version": "5.1.2",
      "license": "MIT",
      "engines": {
        "node": ">= 18"
      }
    },
    "node_modules/@octokit/core": {
      "version": "6.1.6",
      "license": "MIT",
      "dependencies": {
        "@octokit/auth-token": "^5.0.0",
        "@octokit/graphql": "^8.2.2",
        "@octokit/request": "^9.2.3",
        "@octokit/request-error": "^6.1.8",
        "@octokit/types": "^14.0.0",
        "before-after-hook": "^3.0.2",
        "universal-user-agent": "^7.0.0"
      },
      "engines": {
        "node": ">= 18"
      }
    },
    "node_modules/@octokit/endpoint": {
      "version": "10.1.4",
      "license": "MIT",
      "dependencies": {
        "@octokit/types": "^14.0.0",
        "universal-user-agent": "^7.0.2"
      },
      "engines": {
        "node": ">= 18"
      }
    },
    "node_modules/@octokit/graphql": {
      "version": "8.2.2",
      "license": "MIT",
      "dependencies": {
        "@octokit/request": "^9.2.3",
        "@octokit/types": "^14.0.0",
        "universal-user-agent": "^7.0.0"
      },
      "engines": {
        "node": ">= 18"
      }
    },
    "node_modules/@octokit/openapi-types": {
      "version": "25.1.0",
      "license": "MIT"
    },
    "node_modules/@octokit/plugin-paginate-rest": {
      "version": "11.6.0",
      "license": "MIT",
      "dependencies": {
        "@octokit/types": "^13.10.0"
      },
      "engines": {
        "node": ">= 18"
      },
      "peerDependencies": {
        "@octokit/core": ">=6"
      }
    },
    "node_modules/@octokit/plugin-paginate-rest/node_modules/@octokit/openapi-types": {
      "version": "24.2.0",
      "license": "MIT"
    },
    "node_modules/@octokit/plugin-paginate-rest/node_modules/@octokit/types": {
      "version": "13.10.0",
      "license": "MIT",
      "dependencies": {
        "@octokit/openapi-types": "^24.2.0"
      }
    },
    "node_modules/@octokit/plugin-request-log": {
      "version": "5.3.1",
      "license": "MIT",
      "engines": {
        "node": ">= 18"
      },
      "peerDependencies": {
        "@octokit/core": ">=6"
      }
    },
    "node_modules/@octokit/plugin-rest-endpoint-methods": {
      "version": "13.5.0",
      "license": "MIT",
      "dependencies": {
        "@octokit/types": "^13.10.0"
      },
      "engines": {
        "node": ">= 18"
      },
      "peerDependencies": {
        "@octokit/core": ">=6"
      }
    },
    "node_modules/@octokit/plugin-rest-endpoint-methods/node_modules/@octokit/openapi-types": {
      "version": "24.2.0",
      "license": "MIT"
    },
    "node_modules/@octokit/plugin-rest-endpoint-methods/node_modules/@octokit/types": {
      "version": "13.10.0",
      "license": "MIT",
      "dependencies": {
        "@octokit/openapi-types": "^24.2.0"
      }
    },
    "node_modules/@octokit/request": {
      "version": "9.2.4",
      "license": "MIT",
      "dependencies": {
        "@octokit/endpoint": "^10.1.4",
        "@octokit/request-error": "^6.1.8",
        "@octokit/types": "^14.0.0",
        "fast-content-type-parse": "^2.0.0",
        "universal-user-agent": "^7.0.2"
      },
      "engines": {
        "node": ">= 18"
      }
    },
    "node_modules/@octokit/request-error": {
      "version": "6.1.8",
      "license": "MIT",
      "dependencies": {
        "@octokit/types": "^14.0.0"
      },
      "engines": {
        "node": ">= 18"
      }
    },
    "node_modules/@octokit/rest": {
      "version": "21.1.1",
      "resolved": "https://registry.npmjs.org/@octokit/rest/-/rest-21.1.1.tgz",
      "integrity": "sha512-sTQV7va0IUVZcntzy1q3QqPm/r8rWtDCqpRAmb8eXXnKkjoQEtFe3Nt5GTVsHft+R6jJoHeSiVLcgcvhtue/rg==",
      "license": "MIT",
      "dependencies": {
        "@octokit/core": "^6.1.4",
        "@octokit/plugin-paginate-rest": "^11.4.2",
        "@octokit/plugin-request-log": "^5.3.1",
        "@octokit/plugin-rest-endpoint-methods": "^13.3.0"
      },
      "engines": {
        "node": ">= 18"
      }
    },
    "node_modules/@octokit/types": {
      "version": "14.1.0",
      "license": "MIT",
      "dependencies": {
        "@octokit/openapi-types": "^25.1.0"
      }
    },
    "node_modules/before-after-hook": {
      "version": "3.0.2",
      "license": "Apache-2.0"
    },
    "node_modules/fast-content-type-parse": {
      "version": "2.0.1",
      "funding": [
        {
          "type": "github",
          "url": "https://github.com/sponsors/fastify"
        },
        {
          "type": "opencollective",
          "url": "https://opencollective.com/fastify"
        }
      ],
      "license": "MIT"
    },
    "node_modules/universal-user-agent": {
      "version": "7.0.3",
      "license": "ISC"
    }
  }
}
